
Microsoft Visual Studio Solution File, Format Version 12.00
# Visual Studio Version 17
VisualStudioVersion = 17.14.36401.2 d17.14
MinimumVisualStudioVersion = 10.0.40219.1
Project("{FAE04EC0-301F-11D3-BF4B-00C04F79EFBC}") = "Demo", "Demo\Demo.csproj", "{876770F2-947B-49BE-842C-59935FEF9B26}"
EndProject
Global
	GlobalSection(SolutionConfigurationPlatforms) = preSolution
		Debug|Any CPU = Debug|Any CPU
		Release|Any CPU = Release|Any CPU
	EndGlobalSection
	GlobalSection(ProjectConfigurationPlatforms) = postSolution
		{876770F2-947B-49BE-842C-59935FEF9B26}.Debug|Any CPU.ActiveCfg = Debug|Any CPU
		{876770F2-947B-49BE-842C-59935FEF9B26}.Debug|Any CPU.Build.0 = Debug|Any CPU
		{876770F2-947B-49BE-842C-59935FEF9B26}.Release|Any CPU.ActiveCfg = Release|Any CPU
		{876770F2-947B-49BE-842C-59935FEF9B26}.Release|Any CPU.Build.0 = Release|Any CPU
	EndGlobalSection
	GlobalSection(SolutionProperties) = preSolution
		HideSolutionNode = FALSE
	EndGlobalSection
	GlobalSection(ExtensibilityGlobals) = postSolution
		SolutionGuid = {B7F0597C-24F9-4E8F-8770-30095737CD77}
	EndGlobalSection
EndGlobal
